
Microsoft Visual Studio Solution File, Format Version 12.00
# Visual Studio 15
VisualStudioVersion = 15.0.28307.136
MinimumVisualStudioVersion = 10.0.40219.1
Project("{FAE04EC0-301F-11D3-BF4B-00C04F79EFBC}") = "Cantevici_MasterDetail.Android", "Cantevici_MasterDetail\Cantevici_MasterDetail.Android\Cantevici_MasterDetail.Android.csproj", "{24CE3C36-16B9-426D-AA0C-5961ECF8D88C}"
EndProject
Project("{FAE04EC0-301F-11D3-BF4B-00C04F79EFBC}") = "Cantevici_MasterDetail.iOS", "Cantevici_MasterDetail\Cantevici_MasterDetail.iOS\Cantevici_MasterDetail.iOS.csproj", "{4B1CEF9F-D457-4ED4-8284-87555432086D}"
EndProject
Project("{FAE04EC0-301F-11D3-BF4B-00C04F79EFBC}") = "Cantevici_MasterDetail.UWP", "Cantevici_MasterDetail\Cantevici_MasterDetail.UWP\Cantevici_MasterDetail.UWP.csproj", "{ED869C80-1602-4FB7-B9E8-28812E2BC202}"
EndProject
Project("{FAE04EC0-301F-11D3-BF4B-00C04F79EFBC}") = "Cantevici_MasterDetail", "Cantevici_MasterDetail\Cantevici_MasterDetail\Cantevici_MasterDetail.csproj", "{C4F72024-25D1-45F6-8957-DF4A46B0007A}"
EndProject
Global
	GlobalSection(SolutionConfigurationPlatforms) = preSolution
		Debug|Any CPU = Debug|Any CPU
		Debug|ARM = Debug|ARM
		Debug|iPhone = Debug|iPhone
		Debug|iPhoneSimulator = Debug|iPhoneSimulator
		Debug|x64 = Debug|x64
		Debug|x86 = Debug|x86
		Release|Any CPU = Release|Any CPU
		Release|ARM = Release|ARM
		Release|iPhone = Release|iPhone
		Release|iPhoneSimulator = Release|iPhoneSimulator
		Release|x64 = Release|x64
		Release|x86 = Release|x86
	EndGlobalSection
	GlobalSection(ProjectConfigurationPlatforms) = postSolution
		{24CE3C36-16B9-426D-AA0C-5961ECF8D88C}.Debug|Any CPU.ActiveCfg = Debug|Any CPU
		{24CE3C36-16B9-426D-AA0C-5961ECF8D88C}.Debug|Any CPU.Build.0 = Debug|Any CPU
		{24CE3C36-16B9-426D-AA0C-5961ECF8D88C}.Debug|Any CPU.Deploy.0 = Debug|Any CPU
		{24CE3C36-16B9-426D-AA0C-5961ECF8D88C}.Debug|ARM.ActiveCfg = Debug|Any CPU
		{24CE3C36-16B9-426D-AA0C-5961ECF8D88C}.Debug|ARM.Build.0 = Debug|Any CPU
		{24CE3C36-16B9-426D-AA0C-5961ECF8D88C}.Debug|ARM.Deploy.0 = Debug|Any CPU
		{24CE3C36-16B9-426D-AA0C-5961ECF8D88C}.Debug|iPhone.ActiveCfg = Debug|Any CPU
		{24CE3C36-16B9-426D-AA0C-5961ECF8D88C}.Debug|iPhone.Build.0 = Debug|Any CPU
		{24CE3C36-16B9-426D-AA0C-5961ECF8D88C}.Debug|iPhone.Deploy.0 = Debug|Any CPU
		{24CE3C36-16B9-426D-AA0C-5961ECF8D88C}.Debug|iPhoneSimulator.ActiveCfg = Debug|Any CPU
		{24CE3C36-16B9-426D-AA0C-5961ECF8D88C}.Debug|iPhoneSimulator.Build.0 = Debug|Any CPU
		{24CE3C36-16B9-426D-AA0C-5961ECF8D88C}.Debug|iPhoneSimulator.Deploy.0 = Debug|Any CPU
		{24CE3C36-16B9-426D-AA0C-5961ECF8D88C}.Debug|x64.ActiveCfg = Debug|Any CPU
		{24CE3C36-16B9-426D-AA0C-5961ECF8D88C}.Debug|x64.Build.0 = Debug|Any CPU
		{24CE3C36-16B9-426D-AA0C-5961ECF8D88C}.Debug|x64.Deploy.0 = Debug|Any CPU
		{24CE3C36-16B9-426D-AA0C-5961ECF8D88C}.Debug|x86.ActiveCfg = Debug|Any CPU
		{24CE3C36-16B9-426D-AA0C-5961ECF8D88C}.Debug|x86.Build.0 = Debug|Any CPU
		{24CE3C36-16B9-426D-AA0C-5961ECF8D88C}.Debug|x86.Deploy.0 = Debug|Any CPU
		{24CE3C36-16B9-426D-AA0C-5961ECF8D88C}.Release|Any CPU.ActiveCfg = Release|Any CPU
		{24CE3C36-16B9-426D-AA0C-5961ECF8D88C}.Release|Any CPU.Build.0 = Release|Any CPU
		{24CE3C36-16B9-426D-AA0C-5961ECF8D88C}.Release|Any CPU.Deploy.0 = Release|Any CPU
		{24CE3C36-16B9-426D-AA0C-5961ECF8D88C}.Release|ARM.ActiveCfg = Release|Any CPU
		{24CE3C36-16B9-426D-AA0C-5961ECF8D88C}.Release|ARM.Build.0 = Release|Any CPU
		{24CE3C36-16B9-426D-AA0C-5961ECF8D88C}.Release|ARM.Deploy.0 = Release|Any CPU
		{24CE3C36-16B9-426D-AA0C-5961ECF8D88C}.Release|iPhone.ActiveCfg = Release|Any CPU
		{24CE3C36-16B9-426D-AA0C-5961ECF8D88C}.Release|iPhone.Build.0 = Release|Any CPU
		{24CE3C36-16B9-426D-AA0C-5961ECF8D88C}.Release|iPhone.Deploy.0 = Release|Any CPU
		{24CE3C36-16B9-426D-AA0C-5961ECF8D88C}.Release|iPhoneSimulator.ActiveCfg = Release|Any CPU
		{24CE3C36-16B9-426D-AA0C-5961ECF8D88C}.Release|iPhoneSimulator.Build.0 = Release|Any CPU
		{24CE3C36-16B9-426D-AA0C-5961ECF8D88C}.Release|iPhoneSimulator.Deploy.0 = Release|Any CPU
		{24CE3C36-16B9-426D-AA0C-5961ECF8D88C}.Release|x64.ActiveCfg = Release|Any CPU
		{24CE3C36-16B9-426D-AA0C-5961ECF8D88C}.Release|x64.Build.0 = Release|Any CPU
		{24CE3C36-16B9-426D-AA0C-5961ECF8D88C}.Release|x64.Deploy.0 = Release|Any CPU
		{24CE3C36-16B9-426D-AA0C-5961ECF8D88C}.Release|x86.ActiveCfg = Release|Any CPU
		{24CE3C36-16B9-426D-AA0C-5961ECF8D88C}.Release|x86.Build.0 = Release|Any CPU
		{24CE3C36-16B9-426D-AA0C-5961ECF8D88C}.Release|x86.Deploy.0 = Release|Any CPU
		{4B1CEF9F-D457-4ED4-8284-87555432086D}.Debug|Any CPU.ActiveCfg = Debug|iPhoneSimulator
		{4B1CEF9F-D457-4ED4-8284-87555432086D}.Debug|Any CPU.Build.0 = Debug|iPhoneSimulator
		{4B1CEF9F-D457-4ED4-8284-87555432086D}.Debug|Any CPU.Deploy.0 = Debug|iPhoneSimulator
		{4B1CEF9F-D457-4ED4-8284-87555432086D}.Debug|ARM.ActiveCfg = Debug|iPhone
		{4B1CEF9F-D457-4ED4-8284-87555432086D}.Debug|ARM.Build.0 = Debug|iPhone
		{4B1CEF9F-D457-4ED4-8284-87555432086D}.Debug|ARM.Deploy.0 = Debug|iPhone
		{4B1CEF9F-D457-4ED4-8284-87555432086D}.Debug|iPhone.ActiveCfg = Debug|iPhone
		{4B1CEF9F-D457-4ED4-8284-87555432086D}.Debug|iPhone.Build.0 = Debug|iPhone
		{4B1CEF9F-D457-4ED4-8284-87555432086D}.Debug|iPhone.Deploy.0 = Debug|iPhone
		{4B1CEF9F-D457-4ED4-8284-87555432086D}.Debug|iPhoneSimulator.ActiveCfg = Debug|iPhoneSimulator
		{4B1CEF9F-D457-4ED4-8284-87555432086D}.Debug|iPhoneSimulator.Build.0 = Debug|iPhoneSimulator
		{4B1CEF9F-D457-4ED4-8284-87555432086D}.Debug|iPhoneSimulator.Deploy.0 = Debug|iPhoneSimulator
		{4B1CEF9F-D457-4ED4-8284-87555432086D}.Debug|x64.ActiveCfg = Debug|iPhone
		{4B1CEF9F-D457-4ED4-8284-87555432086D}.Debug|x64.Build.0 = Debug|iPhone
		{4B1CEF9F-D457-4ED4-8284-87555432086D}.Debug|x64.Deploy.0 = Debug|iPhone
		{4B1CEF9F-D457-4ED4-8284-87555432086D}.Debug|x86.ActiveCfg = Debug|iPhone
		{4B1CEF9F-D457-4ED4-8284-87555432086D}.Debug|x86.Build.0 = Debug|iPhone
		{4B1CEF9F-D457-4ED4-8284-87555432086D}.Debug|x86.Deploy.0 = Debug|iPhone
		{4B1CEF9F-D457-4ED4-8284-87555432086D}.Release|Any CPU.ActiveCfg = Release|iPhone
		{4B1CEF9F-D457-4ED4-8284-87555432086D}.Release|Any CPU.Build.0 = Release|iPhone
		{4B1CEF9F-D457-4ED4-8284-87555432086D}.Release|Any CPU.Deploy.0 = Release|iPhone
		{4B1CEF9F-D457-4ED4-8284-87555432086D}.Release|ARM.ActiveCfg = Release|iPhone
		{4B1CEF9F-D457-4ED4-8284-87555432086D}.Release|ARM.Build.0 = Release|iPhone
		{4B1CEF9F-D457-4ED4-8284-87555432086D}.Release|ARM.Deploy.0 = Release|iPhone
		{4B1CEF9F-D457-4ED4-8284-87555432086D}.Release|iPhone.ActiveCfg = Release|iPhone
		{4B1CEF9F-D457-4ED4-8284-87555432086D}.Release|iPhone.Build.0 = Release|iPhone
		{4B1CEF9F-D457-4ED4-8284-87555432086D}.Release|iPhone.Deploy.0 = Release|iPhone
		{4B1CEF9F-D457-4ED4-8284-87555432086D}.Release|iPhoneSimulator.ActiveCfg = Release|iPhoneSimulator
		{4B1CEF9F-D457-4ED4-8284-87555432086D}.Release|iPhoneSimulator.Build.0 = Release|iPhoneSimulator
		{4B1CEF9F-D457-4ED4-8284-87555432086D}.Release|iPhoneSimulator.Deploy.0 = Release|iPhoneSimulator
		{4B1CEF9F-D457-4ED4-8284-87555432086D}.Release|x64.ActiveCfg = Release|iPhone
		{4B1CEF9F-D457-4ED4-8284-87555432086D}.Release|x64.Build.0 = Release|iPhone
		{4B1CEF9F-D457-4ED4-8284-87555432086D}.Release|x64.Deploy.0 = Release|iPhone
		{4B1CEF9F-D457-4ED4-8284-87555432086D}.Release|x86.ActiveCfg = Release|iPhone
		{4B1CEF9F-D457-4ED4-8284-87555432086D}.Release|x86.Build.0 = Release|iPhone
		{4B1CEF9F-D457-4ED4-8284-87555432086D}.Release|x86.Deploy.0 = Release|iPhone
		{ED869C80-1602-4FB7-B9E8-28812E2BC202}.Debug|Any CPU.ActiveCfg = Debug|x86
		{ED869C80-1602-4FB7-B9E8-28812E2BC202}.Debug|Any CPU.Build.0 = Debug|x86
		{ED869C80-1602-4FB7-B9E8-28812E2BC202}.Debug|Any CPU.Deploy.0 = Debug|x86
		{ED869C80-1602-4FB7-B9E8-28812E2BC202}.Debug|ARM.ActiveCfg = Debug|ARM
		{ED869C80-1602-4FB7-B9E8-28812E2BC202}.Debug|ARM.Build.0 = Debug|ARM
		{ED869C80-1602-4FB7-B9E8-28812E2BC202}.Debug|ARM.Deploy.0 = Debug|ARM
		{ED869C80-1602-4FB7-B9E8-28812E2BC202}.Debug|iPhone.ActiveCfg = Debug|x86
		{ED869C80-1602-4FB7-B9E8-28812E2BC202}.Debug|iPhone.Build.0 = Debug|x86
		{ED869C80-1602-4FB7-B9E8-28812E2BC202}.Debug|iPhone.Deploy.0 = Debug|x86
		{ED869C80-1602-4FB7-B9E8-28812E2BC202}.Debug|iPhoneSimulator.ActiveCfg = Debug|x86
		{ED869C80-1602-4FB7-B9E8-28812E2BC202}.Debug|iPhoneSimulator.Build.0 = Debug|x86
		{ED869C80-1602-4FB7-B9E8-28812E2BC202}.Debug|iPhoneSimulator.Deploy.0 = Debug|x86
		{ED869C80-1602-4FB7-B9E8-28812E2BC202}.Debug|x64.ActiveCfg = Debug|x64
		{ED869C80-1602-4FB7-B9E8-28812E2BC202}.Debug|x64.Build.0 = Debug|x64
		{ED869C80-1602-4FB7-B9E8-28812E2BC202}.Debug|x64.Deploy.0 = Debug|x64
		{ED869C80-1602-4FB7-B9E8-28812E2BC202}.Debug|x86.ActiveCfg = Debug|x86
		{ED869C80-1602-4FB7-B9E8-28812E2BC202}.Debug|x86.Build.0 = Debug|x86
		{ED869C80-1602-4FB7-B9E8-28812E2BC202}.Debug|x86.Deploy.0 = Debug|x86
		{ED869C80-1602-4FB7-B9E8-28812E2BC202}.Release|Any CPU.ActiveCfg = Release|x86
		{ED869C80-1602-4FB7-B9E8-28812E2BC202}.Release|Any CPU.Build.0 = Release|x86
		{ED869C80-1602-4FB7-B9E8-28812E2BC202}.Release|Any CPU.Deploy.0 = Release|x86
		{ED869C80-1602-4FB7-B9E8-28812E2BC202}.Release|ARM.ActiveCfg = Release|ARM
		{ED869C80-1602-4FB7-B9E8-28812E2BC202}.Release|ARM.Build.0 = Release|ARM
		{ED869C80-1602-4FB7-B9E8-28812E2BC202}.Release|ARM.Deploy.0 = Release|ARM
		{ED869C80-1602-4FB7-B9E8-28812E2BC202}.Release|iPhone.ActiveCfg = Release|x86
		{ED869C80-1602-4FB7-B9E8-28812E2BC202}.Release|iPhone.Build.0 = Release|x86
		{ED869C80-1602-4FB7-B9E8-28812E2BC202}.Release|iPhone.Deploy.0 = Release|x86
		{ED869C80-1602-4FB7-B9E8-28812E2BC202}.Release|iPhoneSimulator.ActiveCfg = Release|x86
		{ED869C80-1602-4FB7-B9E8-28812E2BC202}.Release|iPhoneSimulator.Build.0 = Release|x86
		{ED869C80-1602-4FB7-B9E8-28812E2BC202}.Release|iPhoneSimulator.Deploy.0 = Release|x86
		{ED869C80-1602-4FB7-B9E8-28812E2BC202}.Release|x64.ActiveCfg = Release|x64
		{ED869C80-1602-4FB7-B9E8-28812E2BC202}.Release|x64.Build.0 = Release|x64
		{ED869C80-1602-4FB7-B9E8-28812E2BC202}.Release|x64.Deploy.0 = Release|x64
		{ED869C80-1602-4FB7-B9E8-28812E2BC202}.Release|x86.ActiveCfg = Release|x86
		{ED869C80-1602-4FB7-B9E8-28812E2BC202}.Release|x86.Build.0 = Release|x86
		{ED869C80-1602-4FB7-B9E8-28812E2BC202}.Release|x86.Deploy.0 = Release|x86
		{C4F72024-25D1-45F6-8957-DF4A46B0007A}.Debug|Any CPU.ActiveCfg = Debug|Any CPU
		{C4F72024-25D1-45F6-8957-DF4A46B0007A}.Debug|Any CPU.Build.0 = Debug|Any CPU
		{C4F72024-25D1-45F6-8957-DF4A46B0007A}.Debug|Any CPU.Deploy.0 = Debug|Any CPU
		{C4F72024-25D1-45F6-8957-DF4A46B0007A}.Debug|ARM.ActiveCfg = Debug|Any CPU
		{C4F72024-25D1-45F6-8957-DF4A46B0007A}.Debug|ARM.Build.0 = Debug|Any CPU
		{C4F72024-25D1-45F6-8957-DF4A46B0007A}.Debug|ARM.Deploy.0 = Debug|Any CPU
		{C4F72024-25D1-45F6-8957-DF4A46B0007A}.Debug|iPhone.ActiveCfg = Debug|Any CPU
		{C4F72024-25D1-45F6-8957-DF4A46B0007A}.Debug|iPhone.Build.0 = Debug|Any CPU
		{C4F72024-25D1-45F6-8957-DF4A46B0007A}.Debug|iPhone.Deploy.0 = Debug|Any CPU
		{C4F72024-25D1-45F6-8957-DF4A46B0007A}.Debug|iPhoneSimulator.ActiveCfg = Debug|Any CPU
		{C4F72024-25D1-45F6-8957-DF4A46B0007A}.Debug|iPhoneSimulator.Build.0 = Debug|Any CPU
		{C4F72024-25D1-45F6-8957-DF4A46B0007A}.Debug|iPhoneSimulator.Deploy.0 = Debug|Any CPU
		{C4F72024-25D1-45F6-8957-DF4A46B0007A}.Debug|x64.ActiveCfg = Debug|Any CPU
		{C4F72024-25D1-45F6-8957-DF4A46B0007A}.Debug|x64.Build.0 = Debug|Any CPU
		{C4F72024-25D1-45F6-8957-DF4A46B0007A}.Debug|x64.Deploy.0 = Debug|Any CPU
		{C4F72024-25D1-45F6-8957-DF4A46B0007A}.Debug|x86.ActiveCfg = Debug|Any CPU
		{C4F72024-25D1-45F6-8957-DF4A46B0007A}.Debug|x86.Build.0 = Debug|Any CPU
		{C4F72024-25D1-45F6-8957-DF4A46B0007A}.Debug|x86.Deploy.0 = Debug|Any CPU
		{C4F72024-25D1-45F6-8957-DF4A46B0007A}.Release|Any CPU.ActiveCfg = Release|Any CPU
		{C4F72024-25D1-45F6-8957-DF4A46B0007A}.Release|Any CPU.Build.0 = Release|Any CPU
		{C4F72024-25D1-45F6-8957-DF4A46B0007A}.Release|Any CPU.Deploy.0 = Release|Any CPU
		{C4F72024-25D1-45F6-8957-DF4A46B0007A}.Release|ARM.ActiveCfg = Release|Any CPU
		{C4F72024-25D1-45F6-8957-DF4A46B0007A}.Release|ARM.Build.0 = Release|Any CPU
		{C4F72024-25D1-45F6-8957-DF4A46B0007A}.Release|ARM.Deploy.0 = Release|Any CPU
		{C4F72024-25D1-45F6-8957-DF4A46B0007A}.Release|iPhone.ActiveCfg = Release|Any CPU
		{C4F72024-25D1-45F6-8957-DF4A46B0007A}.Release|iPhone.Build.0 = Release|Any CPU
		{C4F72024-25D1-45F6-8957-DF4A46B0007A}.Release|iPhone.Deploy.0 = Release|Any CPU
		{C4F72024-25D1-45F6-8957-DF4A46B0007A}.Release|iPhoneSimulator.ActiveCfg = Release|Any CPU
		{C4F72024-25D1-45F6-8957-DF4A46B0007A}.Release|iPhoneSimulator.Build.0 = Release|Any CPU
		{C4F72024-25D1-45F6-8957-DF4A46B0007A}.Release|iPhoneSimulator.Deploy.0 = Release|Any CPU
		{C4F72024-25D1-45F6-8957-DF4A46B0007A}.Release|x64.ActiveCfg = Release|Any CPU
		{C4F72024-25D1-45F6-8957-DF4A46B0007A}.Release|x64.Build.0 = Release|Any CPU
		{C4F72024-25D1-45F6-8957-DF4A46B0007A}.Release|x64.Deploy.0 = Release|Any CPU
		{C4F72024-25D1-45F6-8957-DF4A46B0007A}.Release|x86.ActiveCfg = Release|Any CPU
		{C4F72024-25D1-45F6-8957-DF4A46B0007A}.Release|x86.Build.0 = Release|Any CPU
		{C4F72024-25D1-45F6-8957-DF4A46B0007A}.Release|x86.Deploy.0 = Release|Any CPU
	EndGlobalSection
	GlobalSection(SolutionProperties) = preSolution
		HideSolutionNode = FALSE
	EndGlobalSection
	GlobalSection(ExtensibilityGlobals) = postSolution
		SolutionGuid = {B64AADC6-E4A2-47BC-BA49-C4E4B9AF0C50}
	EndGlobalSection
EndGlobal
